// !$*UTF8*$!
{
	archiveVersion = 1;
	classes = {
	};
	objectVersion = 56;
	objects = {

/* Begin PBXBuildFile section */
		1711D5122B87ECDC0017BBA6 /* NoItemsView.swift in Sources */ = {isa = PBXBuildFile; fileRef = 1711D5112B87ECDC0017BBA6 /* NoItemsView.swift */; };
		17A3DAA02B85C7F6005B5A66 /* ListViewModel.swift in Sources */ = {isa = PBXBuildFile; fileRef = 17A3DA9F2B85C7F6005B5A66 /* ListViewModel.swift */; };
		17B280E42B838D6100AD8024 /* ToListApp_MVVMApp.swift in Sources */ = {isa = PBXBuildFile; fileRef = 17B280E32B838D6100AD8024 /* ToListApp_MVVMApp.swift */; };
		17B280E82B838D6300AD8024 /* Assets.xcassets in Resources */ = {isa = PBXBuildFile; fileRef = 17B280E72B838D6300AD8024 /* Assets.xcassets */; };
		17B280EB2B838D6300AD8024 /* Preview Assets.xcassets in Resources */ = {isa = PBXBuildFile; fileRef = 17B280EA2B838D6300AD8024 /* Preview Assets.xcassets */; };
		17B280F32B838F0C00AD8024 /* ListView.swift in Sources */ = {isa = PBXBuildFile; fileRef = 17B280F22B838F0C00AD8024 /* ListView.swift */; };
		17B280F52B83908700AD8024 /* ListRowView.swift in Sources */ = {isa = PBXBuildFile; fileRef = 17B280F42B83908700AD8024 /* ListRowView.swift */; };
		17B280F72B83934900AD8024 /* AddView.swift in Sources */ = {isa = PBXBuildFile; fileRef = 17B280F62B83934900AD8024 /* AddView.swift */; };
		17B280FC2B839FB200AD8024 /* ItemModel.swift in Sources */ = {isa = PBXBuildFile; fileRef = 17B280FB2B839FB200AD8024 /* ItemModel.swift */; };
/* End PBXBuildFile section */

/* Begin PBXFileReference section */
		1711D5112B87ECDC0017BBA6 /* NoItemsView.swift */ = {isa = PBXFileReference; lastKnownFileType = sourcecode.swift; path = NoItemsView.swift; sourceTree = "<group>"; };
		17A3DA9F2B85C7F6005B5A66 /* ListViewModel.swift */ = {isa = PBXFileReference; lastKnownFileType = sourcecode.swift; path = ListViewModel.swift; sourceTree = "<group>"; };
		17B280E02B838D6100AD8024 /* ToListApp-MVVM.app */ = {isa = PBXFileReference; explicitFileType = wrapper.application; includeInIndex = 0; path = "ToListApp-MVVM.app"; sourceTree = BUILT_PRODUCTS_DIR; };
		17B280E32B838D6100AD8024 /* ToListApp_MVVMApp.swift */ = {isa = PBXFileReference; lastKnownFileType = sourcecode.swift; path = ToListApp_MVVMApp.swift; sourceTree = "<group>"; };
		17B280E72B838D6300AD8024 /* Assets.xcassets */ = {isa = PBXFileReference; lastKnownFileType = folder.assetcatalog; path = Assets.xcassets; sourceTree = "<group>"; };
		17B280EA2B838D6300AD8024 /* Preview Assets.xcassets */ = {isa = PBXFileReference; lastKnownFileType = folder.assetcatalog; path = "Preview Assets.xcassets"; sourceTree = "<group>"; };
		17B280F22B838F0C00AD8024 /* ListView.swift */ = {isa = PBXFileReference; lastKnownFileType = sourcecode.swift; path = ListView.swift; sourceTree = "<group>"; };
		17B280F42B83908700AD8024 /* ListRowView.swift */ = {isa = PBXFileReference; lastKnownFileType = sourcecode.swift; path = ListRowView.swift; sourceTree = "<group>"; };
		17B280F62B83934900AD8024 /* AddView.swift */ = {isa = PBXFileReference; lastKnownFileType = sourcecode.swift; path = AddView.swift; sourceTree = "<group>"; };
		17B280FB2B839FB200AD8024 /* ItemModel.swift */ = {isa = PBXFileReference; lastKnownFileType = sourcecode.swift; path = ItemModel.swift; sourceTree = "<group>"; };
/* End PBXFileReference section */

/* Begin PBXFrameworksBuildPhase section */
		17B280DD2B838D6100AD8024 /* Frameworks */ = {
			isa = PBXFrameworksBuildPhase;
			buildActionMask = 2147483647;
			files = (
			);
			runOnlyForDeploymentPostprocessing = 0;
		};
/* End PBXFrameworksBuildPhase section */

/* Begin PBXGroup section */
		17A3DA9E2B85C7D7005B5A66 /* ViewModel */ = {
			isa = PBXGroup;
			children = (
				17A3DA9F2B85C7F6005B5A66 /* ListViewModel.swift */,
			);
			path = ViewModel;
			sourceTree = "<group>";
		};
		17B280D72B838D6100AD8024 = {
			isa = PBXGroup;
			children = (
				17B280E22B838D6100AD8024 /* ToListApp-MVVM */,
				17B280E12B838D6100AD8024 /* Products */,
			);
			sourceTree = "<group>";
		};
		17B280E12B838D6100AD8024 /* Products */ = {
			isa = PBXGroup;
			children = (
				17B280E02B838D6100AD8024 /* ToListApp-MVVM.app */,
			);
			name = Products;
			sourceTree = "<group>";
		};
		17B280E22B838D6100AD8024 /* ToListApp-MVVM */ = {
			isa = PBXGroup;
			children = (
				17B280E32B838D6100AD8024 /* ToListApp_MVVMApp.swift */,
				17B280F82B839F7600AD8024 /* Models */,
				17A3DA9E2B85C7D7005B5A66 /* ViewModel */,
				17B280F12B838EFD00AD8024 /* View */,
				17B280E72B838D6300AD8024 /* Assets.xcassets */,
				17B280E92B838D6300AD8024 /* Preview Content */,
			);
			path = "ToListApp-MVVM";
			sourceTree = "<group>";
		};
		17B280E92B838D6300AD8024 /* Preview Content */ = {
			isa = PBXGroup;
			children = (
				17B280EA2B838D6300AD8024 /* Preview Assets.xcassets */,
			);
			path = "Preview Content";
			sourceTree = "<group>";
		};
		17B280F12B838EFD00AD8024 /* View */ = {
			isa = PBXGroup;
			children = (
				17B280F22B838F0C00AD8024 /* ListView.swift */,
				17B280F42B83908700AD8024 /* ListRowView.swift */,
				17B280F62B83934900AD8024 /* AddView.swift */,
				1711D5112B87ECDC0017BBA6 /* NoItemsView.swift */,
			);
			path = View;
			sourceTree = "<group>";
		};
		17B280F82B839F7600AD8024 /* Models */ = {
			isa = PBXGroup;
			children = (
				17B280FB2B839FB200AD8024 /* ItemModel.swift */,
			);
			path = Models;
			sourceTree = "<group>";
		};
/* End PBXGroup section */

/* Begin PBXNativeTarget section */
		17B280DF2B838D6100AD8024 /* ToListApp-MVVM */ = {
			isa = PBXNativeTarget;
			buildConfigurationList = 17B280EE2B838D6300AD8024 /* Build configuration list for PBXNativeTarget "ToListApp-MVVM" */;
			buildPhases = (
				17B280DC2B838D6100AD8024 /* Sources */,
				17B280DD2B838D6100AD8024 /* Frameworks */,
				17B280DE2B838D6100AD8024 /* Resources */,
			);
			buildRules = (
			);
			dependencies = (
			);
			name = "ToListApp-MVVM";
			productName = "ToListApp-MVVM";
			productReference = 17B280E02B838D6100AD8024 /* ToListApp-MVVM.app */;
			productType = "com.apple.product-type.application";
		};
/* End PBXNativeTarget section */

/* Begin PBXProject section */
		17B280D82B838D6100AD8024 /* Project object */ = {
			isa = PBXProject;
			attributes = {
				BuildIndependentTargetsInParallel = 1;
				LastSwiftUpdateCheck = 1520;
				LastUpgradeCheck = 1520;
				TargetAttributes = {
					17B280DF2B838D6100AD8024 = {
						CreatedOnToolsVersion = 15.2;
					};
				};
			};
			buildConfigurationList = 17B280DB2B838D6100AD8024 /* Build configuration list for PBXProject "ToListApp-MVVM" */;
			compatibilityVersion = "Xcode 14.0";
			developmentRegion = en;
			hasScannedForEncodings = 0;
			knownRegions = (
				en,
				Base,
			);
			mainGroup = 17B280D72B838D6100AD8024;
			productRefGroup = 17B280E12B838D6100AD8024 /* Products */;
			projectDirPath = "";
			projectRoot = "";
			targets = (
				17B280DF2B838D6100AD8024 /* ToListApp-MVVM */,
			);
		};
/* End PBXProject section */

/* Begin PBXResourcesBuildPhase section */
		17B280DE2B838D6100AD8024 /* Resources */ = {
			isa = PBXResourcesBuildPhase;
			buildActionMask = 2147483647;
			files = (
				17B280EB2B838D6300AD8024 /* Preview Assets.xcassets in Resources */,
				17B280E82B838D6300AD8024 /* Assets.xcassets in Resources */,
			);
			runOnlyForDeploymentPostprocessing = 0;
		};
/* End PBXResourcesBuildPhase section */

/* Begin PBXSourcesBuildPhase section */
		17B280DC2B838D6100AD8024 /* Sources */ = {
			isa = PBXSourcesBuildPhase;
			buildActionMask = 2147483647;
			files = (
				17B280FC2B839FB200AD8024 /* ItemModel.swift in Sources */,
				17B280F72B83934900AD8024 /* AddView.swift in Sources */,
				17A3DAA02B85C7F6005B5A66 /* ListViewModel.swift in Sources */,
				17B280E42B838D6100AD8024 /* ToListApp_MVVMApp.swift in Sources */,
				17B280F32B838F0C00AD8024 /* ListView.swift in Sources */,
				1711D5122B87ECDC0017BBA6 /* NoItemsView.swift in Sources */,
				17B280F52B83908700AD8024 /* ListRowView.swift in Sources */,
			);
			runOnlyForDeploymentPostprocessing = 0;
		};
/* End PBXSourcesBuildPhase section */

/* Begin XCBuildConfiguration section */
		17B280EC2B838D6300AD8024 /* Debug */ = {
			isa = XCBuildConfiguration;
			buildSettings = {
				ALWAYS_SEARCH_USER_PATHS = NO;
				ASSETCATALOG_COMPILER_GENERATE_SWIFT_ASSET_SYMBOL_EXTENSIONS = YES;
				CLANG_ANALYZER_NONNULL = YES;
				CLANG_ANALYZER_NUMBER_OBJECT_CONVERSION = YES_AGGRESSIVE;
				CLANG_CXX_LANGUAGE_STANDARD = "gnu++20";
				CLANG_ENABLE_MODULES = YES;
				CLANG_ENABLE_OBJC_ARC = YES;
				CLANG_ENABLE_OBJC_WEAK = YES;
				CLANG_WARN_BLOCK_CAPTURE_AUTORELEASING = YES;
				CLANG_WARN_BOOL_CONVERSION = YES;
				CLANG_WARN_COMMA = YES;
				CLANG_WARN_CONSTANT_CONVERSION = YES;
				CLANG_WARN_DEPRECATED_OBJC_IMPLEMENTATIONS = YES;
				CLANG_WARN_DIRECT_OBJC_ISA_USAGE = YES_ERROR;
				CLANG_WARN_DOCUMENTATION_COMMENTS = YES;
				CLANG_WARN_EMPTY_BODY = YES;
				CLANG_WARN_ENUM_CONVERSION = YES;
				CLANG_WARN_INFINITE_RECURSION = YES;
				CLANG_WARN_INT_CONVERSION = YES;
				CLANG_WARN_NON_LITERAL_NULL_CONVERSION = YES;
				CLANG_WARN_OBJC_IMPLICIT_RETAIN_SELF = YES;
				CLANG_WARN_OBJC_LITERAL_CONVERSION = YES;
				CLANG_WARN_OBJC_ROOT_CLASS = YES_ERROR;
				CLANG_WARN_QUOTED_INCLUDE_IN_FRAMEWORK_HEADER = YES;
				CLANG_WARN_RANGE_LOOP_ANALYSIS = YES;
				CLANG_WARN_STRICT_PROTOTYPES = YES;
				CLANG_WARN_SUSPICIOUS_MOVE = YES;
				CLANG_WARN_UNGUARDED_AVAILABILITY = YES_AGGRESSIVE;
				CLANG_WARN_UNREACHABLE_CODE = YES;
				CLANG_WARN__DUPLICATE_METHOD_MATCH = YES;
				COPY_PHASE_STRIP = NO;
				DEBUG_INFORMATION_FORMAT = dwarf;
				ENABLE_STRICT_OBJC_MSGSEND = YES;
				ENABLE_TESTABILITY = YES;
				ENABLE_USER_SCRIPT_SANDBOXING = YES;
				GCC_C_LANGUAGE_STANDARD = gnu17;
				GCC_DYNAMIC_NO_PIC = NO;
				GCC_NO_COMMON_BLOCKS = YES;
				GCC_OPTIMIZATION_LEVEL = 0;
				GCC_PREPROCESSOR_DEFINITIONS = (
					"DEBUG=1",
					"$(inherited)",
				);
				GCC_WARN_64_TO_32_BIT_CONVERSION = YES;
				GCC_WARN_ABOUT_RETURN_TYPE = YES_ERROR;
				GCC_WARN_UNDECLARED_SELECTOR = YES;
				GCC_WARN_UNINITIALIZED_AUTOS = YES_AGGRESSIVE;
				GCC_WARN_UNUSED_FUNCTION = YES;
				GCC_WARN_UNUSED_VARIABLE = YES;
				IPHONEOS_DEPLOYMENT_TARGET = 17.2;
				LOCALIZATION_PREFERS_STRING_CATALOGS = YES;
				MTL_ENABLE_DEBUG_INFO = INCLUDE_SOURCE;
				MTL_FAST_MATH = YES;
				ONLY_ACTIVE_ARCH = YES;
				SDKROOT = iphoneos;
				SWIFT_ACTIVE_COMPILATION_CONDITIONS = "DEBUG $(inherited)";
				SWIFT_OPTIMIZATION_LEVEL = "-Onone";
			};
			name = Debug;
		};
		17B280ED2B838D6300AD8024 /* Release */ = {
			isa = XCBuildConfiguration;
			buildSettings = {
				ALWAYS_SEARCH_USER_PATHS = NO;
				ASSETCATALOG_COMPILER_GENERATE_SWIFT_ASSET_SYMBOL_EXTENSIONS = YES;
				CLANG_ANALYZER_NONNULL = YES;
				CLANG_ANALYZER_NUMBER_OBJECT_CONVERSION = YES_AGGRESSIVE;
				CLANG_CXX_LANGUAGE_STANDARD = "gnu++20";
				CLANG_ENABLE_MODULES = YES;
				CLANG_ENABLE_OBJC_ARC = YES;
				CLANG_ENABLE_OBJC_WEAK = YES;
				CLANG_WARN_BLOCK_CAPTURE_AUTORELEASING = YES;
				CLANG_WARN_BOOL_CONVERSION = YES;
				CLANG_WARN_COMMA = YES;
				CLANG_WARN_CONSTANT_CONVERSION = YES;
				CLANG_WARN_DEPRECATED_OBJC_IMPLEMENTATIONS = YES;
				CLANG_WARN_DIRECT_OBJC_ISA_USAGE = YES_ERROR;
				CLANG_WARN_DOCUMENTATION_COMMENTS = YES;
				CLANG_WARN_EMPTY_BODY = YES;
				CLANG_WARN_ENUM_CONVERSION = YES;
				CLANG_WARN_INFINITE_RECURSION = YES;
				CLANG_WARN_INT_CONVERSION = YES;
				CLANG_WARN_NON_LITERAL_NULL_CONVERSION = YES;
				CLANG_WARN_OBJC_IMPLICIT_RETAIN_SELF = YES;
				CLANG_WARN_OBJC_LITERAL_CONVERSION = YES;
				CLANG_WARN_OBJC_ROOT_CLASS = YES_ERROR;
				CLANG_WARN_QUOTED_INCLUDE_IN_FRAMEWORK_HEADER = YES;
				CLANG_WARN_RANGE_LOOP_ANALYSIS = YES;
				CLANG_WARN_STRICT_PROTOTYPES = YES;
				CLANG_WARN_SUSPICIOUS_MOVE = YES;
				CLANG_WARN_UNGUARDED_AVAILABILITY = YES_AGGRESSIVE;
				CLANG_WARN_UNREACHABLE_CODE = YES;
				CLANG_WARN__DUPLICATE_METHOD_MATCH = YES;
				COPY_PHASE_STRIP = NO;
				DEBUG_INFORMATION_FORMAT = "dwarf-with-dsym";
				ENABLE_NS_ASSERTIONS = NO;
				ENABLE_STRICT_OBJC_MSGSEND = YES;
				ENABLE_USER_SCRIPT_SANDBOXING = YES;
				GCC_C_LANGUAGE_STANDARD = gnu17;
				GCC_NO_COMMON_BLOCKS = YES;
				GCC_WARN_64_TO_32_BIT_CONVERSION = YES;
				GCC_WARN_ABOUT_RETURN_TYPE = YES_ERROR;
				GCC_WARN_UNDECLARED_SELECTOR = YES;
				GCC_WARN_UNINITIALIZED_AUTOS = YES_AGGRESSIVE;
				GCC_WARN_UNUSED_FUNCTION = YES;
				GCC_WARN_UNUSED_VARIABLE = YES;
				IPHONEOS_DEPLOYMENT_TARGET = 17.2;
				LOCALIZATION_PREFERS_STRING_CATALOGS = YES;
				MTL_ENABLE_DEBUG_INFO = NO;
				MTL_FAST_MATH = YES;
				SDKROOT = iphoneos;
				SWIFT_COMPILATION_MODE = wholemodule;
				VALIDATE_PRODUCT = YES;
			};
			name = Release;
		};
		17B280EF2B838D6300AD8024 /* Debug */ = {
			isa = XCBuildConfiguration;
			buildSettings = {
				ASSETCATALOG_COMPILER_APPICON_NAME = AppIcon;
				ASSETCATALOG_COMPILER_GLOBAL_ACCENT_COLOR_NAME = AccentColor;
				CODE_SIGN_STYLE = Automatic;
				CURRENT_PROJECT_VERSION = 1;
				DEVELOPMENT_ASSET_PATHS = "\"ToListApp-MVVM/Preview Content\"";
				ENABLE_PREVIEWS = YES;
				GENERATE_INFOPLIST_FILE = YES;
				INFOPLIST_KEY_UIApplicationSceneManifest_Generation = YES;
				INFOPLIST_KEY_UIApplicationSupportsIndirectInputEvents = YES;
				INFOPLIST_KEY_UILaunchScreen_Generation = YES;
				INFOPLIST_KEY_UISupportedInterfaceOrientations_iPad = "UIInterfaceOrientationPortrait UIInterfaceOrientationPortraitUpsideDown UIInterfaceOrientationLandscapeLeft UIInterfaceOrientationLandscapeRight";
				INFOPLIST_KEY_UISupportedInterfaceOrientations_iPhone = "UIInterfaceOrientationPortrait UIInterfaceOrientationLandscapeLeft UIInterfaceOrientationLandscapeRight";
				LD_RUNPATH_SEARCH_PATHS = (
					"$(inherited)",
					"@executable_path/Frameworks",
				);
				MARKETING_VERSION = 1.0;
				PRODUCT_BUNDLE_IDENTIFIER = "ToListApp-MVVM.ToListApp-MVVM";
				PRODUCT_NAME = "$(TARGET_NAME)";
				SWIFT_EMIT_LOC_STRINGS = YES;
				SWIFT_VERSION = 5.0;
				TARGETED_DEVICE_FAMILY = "1,2";
			};
			name = Debug;
		};
		17B280F02B838D6300AD8024 /* Release */ = {
			isa = XCBuildConfiguration;
			buildSettings = {
				ASSETCATALOG_COMPILER_APPICON_NAME = AppIcon;
				ASSETCATALOG_COMPILER_GLOBAL_ACCENT_COLOR_NAME = AccentColor;
				CODE_SIGN_STYLE = Automatic;
				CURRENT_PROJECT_VERSION = 1;
				DEVELOPMENT_ASSET_PATHS = "\"ToListApp-MVVM/Preview Content\"";
				ENABLE_PREVIEWS = YES;
				GENERATE_INFOPLIST_FILE = YES;
				INFOPLIST_KEY_UIApplicationSceneManifest_Generation = YES;
				INFOPLIST_KEY_UIApplicationSupportsIndirectInputEvents = YES;
				INFOPLIST_KEY_UILaunchScreen_Generation = YES;
				INFOPLIST_KEY_UISupportedInterfaceOrientations_iPad = "UIInterfaceOrientationPortrait UIInterfaceOrientationPortraitUpsideDown UIInterfaceOrientationLandscapeLeft UIInterfaceOrientationLandscapeRight";
				INFOPLIST_KEY_UISupportedInterfaceOrientations_iPhone = "UIInterfaceOrientationPortrait UIInterfaceOrientationLandscapeLeft UIInterfaceOrientationLandscapeRight";
				LD_RUNPATH_SEARCH_PATHS = (
					"$(inherited)",
					"@executable_path/Frameworks",
				);
				MARKETING_VERSION = 1.0;
				PRODUCT_BUNDLE_IDENTIFIER = "ToListApp-MVVM.ToListApp-MVVM";
				PRODUCT_NAME = "$(TARGET_NAME)";
				SWIFT_EMIT_LOC_STRINGS = YES;
				SWIFT_VERSION = 5.0;
				TARGETED_DEVICE_FAMILY = "1,2";
			};
			name = Release;
		};
/* End XCBuildConfiguration section */

/* Begin XCConfigurationList section */
		17B280DB2B838D6100AD8024 /* Build configuration list for PBXProject "ToListApp-MVVM" */ = {
			isa = XCConfigurationList;
			buildConfigurations = (
				17B280EC2B838D6300AD8024 /* Debug */,
				17B280ED2B838D6300AD8024 /* Release */,
			);
			defaultConfigurationIsVisible = 0;
			defaultConfigurationName = Release;
		};
		17B280EE2B838D6300AD8024 /* Build configuration list for PBXNativeTarget "ToListApp-MVVM" */ = {
			isa = XCConfigurationList;
			buildConfigurations = (
				17B280EF2B838D6300AD8024 /* Debug */,
				17B280F02B838D6300AD8024 /* Release */,
			);
			defaultConfigurationIsVisible = 0;
			defaultConfigurationName = Release;
		};
/* End XCConfigurationList section */
	};
	rootObject = 17B280D82B838D6100AD8024 /* Project object */;
}
